
Microsoft Visual Studio Solution File, Format Version 12.00
# Visual Studio Version 17
VisualStudioVersion = 17.9.34616.47
MinimumVisualStudioVersion = 10.0.40219.1
Project("{9A19103F-16F7-4668-BE54-9A1E7A4F7556}") = "NestHR", "NestHR.csproj", "{3A653032-CF79-4C9A-A113-E4C49F3BD729}"
	ProjectSection(ProjectDependencies) = postProject
		{4A4B9CE5-D7A6-4126-9E13-B60C038ACE9D} = {4A4B9CE5-D7A6-4126-9E13-B60C038ACE9D}
	EndProjectSection
EndProject
Project("{9A19103F-16F7-4668-BE54-9A1E7A4F7556}") = "Domin", "..\Domin\Domin.csproj", "{BED20477-DCAC-4D68-9789-4092ABB6F009}"
EndProject
Project("{9A19103F-16F7-4668-BE54-9A1E7A4F7556}") = "HRService", "..\HRService\HRService.csproj", "{4A4B9CE5-D7A6-4126-9E13-B60C038ACE9D}"
EndProject
Global
	GlobalSection(SolutionConfigurationPlatforms) = preSolution
		Debug|Any CPU = Debug|Any CPU
		Release|Any CPU = Release|Any CPU
	EndGlobalSection
	GlobalSection(ProjectConfigurationPlatforms) = postSolution
		{3A653032-CF79-4C9A-A113-E4C49F3BD729}.Debug|Any CPU.ActiveCfg = Debug|Any CPU
		{3A653032-CF79-4C9A-A113-E4C49F3BD729}.Debug|Any CPU.Build.0 = Debug|Any CPU
		{3A653032-CF79-4C9A-A113-E4C49F3BD729}.Release|Any CPU.ActiveCfg = Release|Any CPU
		{3A653032-CF79-4C9A-A113-E4C49F3BD729}.Release|Any CPU.Build.0 = Release|Any CPU
		{BED20477-DCAC-4D68-9789-4092ABB6F009}.Debug|Any CPU.ActiveCfg = Debug|Any CPU
		{BED20477-DCAC-4D68-9789-4092ABB6F009}.Debug|Any CPU.Build.0 = Debug|Any CPU
		{BED20477-DCAC-4D68-9789-4092ABB6F009}.Release|Any CPU.ActiveCfg = Release|Any CPU
		{BED20477-DCAC-4D68-9789-4092ABB6F009}.Release|Any CPU.Build.0 = Release|Any CPU
		{4A4B9CE5-D7A6-4126-9E13-B60C038ACE9D}.Debug|Any CPU.ActiveCfg = Debug|Any CPU
		{4A4B9CE5-D7A6-4126-9E13-B60C038ACE9D}.Debug|Any CPU.Build.0 = Debug|Any CPU
		{4A4B9CE5-D7A6-4126-9E13-B60C038ACE9D}.Release|Any CPU.ActiveCfg = Release|Any CPU
		{4A4B9CE5-D7A6-4126-9E13-B60C038ACE9D}.Release|Any CPU.Build.0 = Release|Any CPU
	EndGlobalSection
	GlobalSection(SolutionProperties) = preSolution
		HideSolutionNode = FALSE
	EndGlobalSection
	GlobalSection(ExtensibilityGlobals) = postSolution
		SolutionGuid = {99FDAEBE-9EE0-4E45-8971-21C7C37EC547}
	EndGlobalSection
EndGlobal
